
Microsoft Visual Studio Solution File, Format Version 12.00
Project("{FAE04EC0-301F-11D3-BF4B-00C04F79EFBC}") = "UserControlsAndEvents", "UserControlsAndEvents\UserControlsAndEvents.csproj", "{342C6806-FF55-48F8-937C-1C3D8590E3DD}"
EndProject
Project("{FAE04EC0-301F-11D3-BF4B-00C04F79EFBC}") = "UserControlLib", "UserControlLib\UserControlLib.csproj", "{8BFD1B66-77D6-40CA-9F6E-9B739939ADEC}"
EndProject
Global
	GlobalSection(SolutionConfigurationPlatforms) = preSolution
		Debug|Any CPU = Debug|Any CPU
		Release|Any CPU = Release|Any CPU
	EndGlobalSection
	GlobalSection(ProjectConfigurationPlatforms) = postSolution
		{342C6806-FF55-48F8-937C-1C3D8590E3DD}.Debug|Any CPU.ActiveCfg = Debug|Any CPU
		{342C6806-FF55-48F8-937C-1C3D8590E3DD}.Debug|Any CPU.Build.0 = Debug|Any CPU
		{342C6806-FF55-48F8-937C-1C3D8590E3DD}.Release|Any CPU.ActiveCfg = Release|Any CPU
		{342C6806-FF55-48F8-937C-1C3D8590E3DD}.Release|Any CPU.Build.0 = Release|Any CPU
		{8BFD1B66-77D6-40CA-9F6E-9B739939ADEC}.Debug|Any CPU.ActiveCfg = Debug|Any CPU
		{8BFD1B66-77D6-40CA-9F6E-9B739939ADEC}.Debug|Any CPU.Build.0 = Debug|Any CPU
		{8BFD1B66-77D6-40CA-9F6E-9B739939ADEC}.Release|Any CPU.ActiveCfg = Release|Any CPU
		{8BFD1B66-77D6-40CA-9F6E-9B739939ADEC}.Release|Any CPU.Build.0 = Release|Any CPU
	EndGlobalSection
EndGlobal
